
Microsoft Visual Studio Solution File, Format Version 12.00
# Visual Studio 15
VisualStudioVersion = 15.0.27130.2026
MinimumVisualStudioVersion = 10.0.40219.1
Project("{FAE04EC0-301F-11D3-BF4B-00C04F79EFBC}") = "DO", "DO\DO.csproj", "{4ADE2FC9-64A4-4536-A64F-FBE2563D4CFE}"
EndProject
Project("{FAE04EC0-301F-11D3-BF4B-00C04F79EFBC}") = "Tests", "Tests\Tests.csproj", "{BA987E6F-8D56-4921-AB28-69ABC4745DD6}"
EndProject
Global
	GlobalSection(SolutionConfigurationPlatforms) = preSolution
		Debug|Any CPU = Debug|Any CPU
		Release|Any CPU = Release|Any CPU
	EndGlobalSection
	GlobalSection(ProjectConfigurationPlatforms) = postSolution
		{4ADE2FC9-64A4-4536-A64F-FBE2563D4CFE}.Debug|Any CPU.ActiveCfg = Debug|Any CPU
		{4ADE2FC9-64A4-4536-A64F-FBE2563D4CFE}.Debug|Any CPU.Build.0 = Debug|Any CPU
		{4ADE2FC9-64A4-4536-A64F-FBE2563D4CFE}.Release|Any CPU.ActiveCfg = Release|Any CPU
		{4ADE2FC9-64A4-4536-A64F-FBE2563D4CFE}.Release|Any CPU.Build.0 = Release|Any CPU
		{BA987E6F-8D56-4921-AB28-69ABC4745DD6}.Debug|Any CPU.ActiveCfg = Debug|Any CPU
		{BA987E6F-8D56-4921-AB28-69ABC4745DD6}.Debug|Any CPU.Build.0 = Debug|Any CPU
		{BA987E6F-8D56-4921-AB28-69ABC4745DD6}.Release|Any CPU.ActiveCfg = Release|Any CPU
		{BA987E6F-8D56-4921-AB28-69ABC4745DD6}.Release|Any CPU.Build.0 = Release|Any CPU
	EndGlobalSection
	GlobalSection(SolutionProperties) = preSolution
		HideSolutionNode = FALSE
	EndGlobalSection
	GlobalSection(ExtensibilityGlobals) = postSolution
		SolutionGuid = {609C3AE4-0883-41EE-9783-D9DF4F4D2787}
	EndGlobalSection
EndGlobal
